
Microsoft Visual Studio Solution File, Format Version 12.00
# Visual Studio Version 17
VisualStudioVersion = 17.7.34024.191
MinimumVisualStudioVersion = 10.0.40219.1
Project("{FAE04EC0-301F-11D3-BF4B-00C04F79EFBC}") = "AUITemplate", "AUITemplate\AUITemplate.csproj", "{78261CAF-4A39-4F3F-804D-18A57F7A4A89}"
EndProject
Global
	GlobalSection(SolutionConfigurationPlatforms) = preSolution
		Debug|Any CPU = Debug|Any CPU
		Release|Any CPU = Release|Any CPU
	EndGlobalSection
	GlobalSection(ProjectConfigurationPlatforms) = postSolution
		{78261CAF-4A39-4F3F-804D-18A57F7A4A89}.Debug|Any CPU.ActiveCfg = Debug|Any CPU
		{78261CAF-4A39-4F3F-804D-18A57F7A4A89}.Debug|Any CPU.Build.0 = Debug|Any CPU
		{78261CAF-4A39-4F3F-804D-18A57F7A4A89}.Release|Any CPU.ActiveCfg = Release|Any CPU
		{78261CAF-4A39-4F3F-804D-18A57F7A4A89}.Release|Any CPU.Build.0 = Release|Any CPU
	EndGlobalSection
	GlobalSection(SolutionProperties) = preSolution
		HideSolutionNode = FALSE
	EndGlobalSection
	GlobalSection(ExtensibilityGlobals) = postSolution
		SolutionGuid = {D8E426A8-6398-43E3-A0D7-72314E96F93D}
	EndGlobalSection
EndGlobal
